// !$*UTF8*$!
{
	archiveVersion = 1;
	classes = {
	};
	objectVersion = 46;
	objects = {

/* Begin PBXBuildFile section */
		A4131A8716081A2A001B9172 /* UIKit.framework in Frameworks */ = {isa = PBXBuildFile; fileRef = A4131A8616081A2A001B9172 /* UIKit.framework */; };
		A4131A8916081A2A001B9172 /* Foundation.framework in Frameworks */ = {isa = PBXBuildFile; fileRef = A4131A8816081A2A001B9172 /* Foundation.framework */; };
		A4131A8B16081A2A001B9172 /* CoreGraphics.framework in Frameworks */ = {isa = PBXBuildFile; fileRef = A4131A8A16081A2A001B9172 /* CoreGraphics.framework */; };
		A4131A9116081A2A001B9172 /* InfoPlist.strings in Resources */ = {isa = PBXBuildFile; fileRef = A4131A8F16081A2A001B9172 /* InfoPlist.strings */; };
		A4131A9316081A2A001B9172 /* main.m in Sources */ = {isa = PBXBuildFile; fileRef = A4131A9216081A2A001B9172 /* main.m */; };
		A4131A9716081A2A001B9172 /* AppDelegate.m in Sources */ = {isa = PBXBuildFile; fileRef = A4131A9616081A2A001B9172 /* AppDelegate.m */; };
		A4131A9A16081A2A001B9172 /* ViewController.m in Sources */ = {isa = PBXBuildFile; fileRef = A4131A9916081A2A001B9172 /* ViewController.m */; };
		A4131A9D16081A2A001B9172 /* ViewController_iPhone.xib in Resources */ = {isa = PBXBuildFile; fileRef = A4131A9B16081A2A001B9172 /* ViewController_iPhone.xib */; };
		A4131AA016081A2A001B9172 /* ViewController_iPad.xib in Resources */ = {isa = PBXBuildFile; fileRef = A4131A9E16081A2A001B9172 /* ViewController_iPad.xib */; };
/* End PBXBuildFile section */

/* Begin PBXFileReference section */
		A4131A8216081A2A001B9172 /* ListDemo.app */ = {isa = PBXFileReference; explicitFileType = wrapper.application; includeInIndex = 0; path = ListDemo.app; sourceTree = BUILT_PRODUCTS_DIR; };
		A4131A8616081A2A001B9172 /* UIKit.framework */ = {isa = PBXFileReference; lastKnownFileType = wrapper.framework; name = UIKit.framework; path = System/Library/Frameworks/UIKit.framework; sourceTree = SDKROOT; };
		A4131A8816081A2A001B9172 /* Foundation.framework */ = {isa = PBXFileReference; lastKnownFileType = wrapper.framework; name = Foundation.framework; path = System/Library/Frameworks/Foundation.framework; sourceTree = SDKROOT; };
		A4131A8A16081A2A001B9172 /* CoreGraphics.framework */ = {isa = PBXFileReference; lastKnownFileType = wrapper.framework; name = CoreGraphics.framework; path = System/Library/Frameworks/CoreGraphics.framework; sourceTree = SDKROOT; };
		A4131A8E16081A2A001B9172 /* ListDemo-Info.plist */ = {isa = PBXFileReference; lastKnownFileType = text.plist.xml; path = "ListDemo-Info.plist"; sourceTree = "<group>"; };
		A4131A9016081A2A001B9172 /* en */ = {isa = PBXFileReference; lastKnownFileType = text.plist.strings; name = en; path = en.lproj/InfoPlist.strings; sourceTree = "<group>"; };
		A4131A9216081A2A001B9172 /* main.m */ = {isa = PBXFileReference; lastKnownFileType = sourcecode.c.objc; path = main.m; sourceTree = "<group>"; };
		A4131A9416081A2A001B9172 /* ListDemo-Prefix.pch */ = {isa = PBXFileReference; lastKnownFileType = sourcecode.c.h; path = "ListDemo-Prefix.pch"; sourceTree = "<group>"; };
		A4131A9516081A2A001B9172 /* AppDelegate.h */ = {isa = PBXFileReference; lastKnownFileType = sourcecode.c.h; path = AppDelegate.h; sourceTree = "<group>"; };
		A4131A9616081A2A001B9172 /* AppDelegate.m */ = {isa = PBXFileReference; lastKnownFileType = sourcecode.c.objc; path = AppDelegate.m; sourceTree = "<group>"; };
		A4131A9816081A2A001B9172 /* ViewController.h */ = {isa = PBXFileReference; lastKnownFileType = sourcecode.c.h; path = ViewController.h; sourceTree = "<group>"; };
		A4131A9916081A2A001B9172 /* ViewController.m */ = {isa = PBXFileReference; lastKnownFileType = sourcecode.c.objc; path = ViewController.m; sourceTree = "<group>"; };
		A4131A9C16081A2A001B9172 /* en */ = {isa = PBXFileReference; lastKnownFileType = file.xib; name = en; path = en.lproj/ViewController_iPhone.xib; sourceTree = "<group>"; };
		A4131A9F16081A2A001B9172 /* en */ = {isa = PBXFileReference; lastKnownFileType = file.xib; name = en; path = en.lproj/ViewController_iPad.xib; sourceTree = "<group>"; };
/* End PBXFileReference section */

/* Begin PBXFrameworksBuildPhase section */
		A4131A7F16081A2A001B9172 /* Frameworks */ = {
			isa = PBXFrameworksBuildPhase;
			buildActionMask = 2147483647;
			files = (
				A4131A8716081A2A001B9172 /* UIKit.framework in Frameworks */,
				A4131A8916081A2A001B9172 /* Foundation.framework in Frameworks */,
				A4131A8B16081A2A001B9172 /* CoreGraphics.framework in Frameworks */,
			);
			runOnlyForDeploymentPostprocessing = 0;
		};
/* End PBXFrameworksBuildPhase section */

/* Begin PBXGroup section */
		A4131A7716081A2A001B9172 = {
			isa = PBXGroup;
			children = (
				A4131A8C16081A2A001B9172 /* ListDemo */,
				A4131A8516081A2A001B9172 /* Frameworks */,
				A4131A8316081A2A001B9172 /* Products */,
			);
			sourceTree = "<group>";
		};
		A4131A8316081A2A001B9172 /* Products */ = {
			isa = PBXGroup;
			children = (
				A4131A8216081A2A001B9172 /* ListDemo.app */,
			);
			name = Products;
			sourceTree = "<group>";
		};
		A4131A8516081A2A001B9172 /* Frameworks */ = {
			isa = PBXGroup;
			children = (
				A4131A8616081A2A001B9172 /* UIKit.framework */,
				A4131A8816081A2A001B9172 /* Foundation.framework */,
				A4131A8A16081A2A001B9172 /* CoreGraphics.framework */,
			);
			name = Frameworks;
			sourceTree = "<group>";
		};
		A4131A8C16081A2A001B9172 /* ListDemo */ = {
			isa = PBXGroup;
			children = (
				A4131A9516081A2A001B9172 /* AppDelegate.h */,
				A4131A9616081A2A001B9172 /* AppDelegate.m */,
				A4131A9816081A2A001B9172 /* ViewController.h */,
				A4131A9916081A2A001B9172 /* ViewController.m */,
				A4131A9B16081A2A001B9172 /* ViewController_iPhone.xib */,
				A4131A9E16081A2A001B9172 /* ViewController_iPad.xib */,
				A4131A8D16081A2A001B9172 /* Supporting Files */,
			);
			path = ListDemo;
			sourceTree = "<group>";
		};
		A4131A8D16081A2A001B9172 /* Supporting Files */ = {
			isa = PBXGroup;
			children = (
				A4131A8E16081A2A001B9172 /* ListDemo-Info.plist */,
				A4131A8F16081A2A001B9172 /* InfoPlist.strings */,
				A4131A9216081A2A001B9172 /* main.m */,
				A4131A9416081A2A001B9172 /* ListDemo-Prefix.pch */,
			);
			name = "Supporting Files";
			sourceTree = "<group>";
		};
/* End PBXGroup section */

/* Begin PBXNativeTarget section */
		A4131A8116081A2A001B9172 /* ListDemo */ = {
			isa = PBXNativeTarget;
			buildConfigurationList = A4131AA316081A2A001B9172 /* Build configuration list for PBXNativeTarget "ListDemo" */;
			buildPhases = (
				A4131A7E16081A2A001B9172 /* Sources */,
				A4131A7F16081A2A001B9172 /* Frameworks */,
				A4131A8016081A2A001B9172 /* Resources */,
			);
			buildRules = (
			);
			dependencies = (
			);
			name = ListDemo;
			productName = ListDemo;
			productReference = A4131A8216081A2A001B9172 /* ListDemo.app */;
			productType = "com.apple.product-type.application";
		};
/* End PBXNativeTarget section */

/* Begin PBXProject section */
		A4131A7916081A2A001B9172 /* Project object */ = {
			isa = PBXProject;
			attributes = {
				LastUpgradeCheck = 0440;
				ORGANIZATIONNAME = SunJiangting;
			};
			buildConfigurationList = A4131A7C16081A2A001B9172 /* Build configuration list for PBXProject "ListDemo" */;
			compatibilityVersion = "Xcode 3.2";
			developmentRegion = English;
			hasScannedForEncodings = 0;
			knownRegions = (
				en,
			);
			mainGroup = A4131A7716081A2A001B9172;
			productRefGroup = A4131A8316081A2A001B9172 /* Products */;
			projectDirPath = "";
			projectRoot = "";
			targets = (
				A4131A8116081A2A001B9172 /* ListDemo */,
			);
		};
/* End PBXProject section */

/* Begin PBXResourcesBuildPhase section */
		A4131A8016081A2A001B9172 /* Resources */ = {
			isa = PBXResourcesBuildPhase;
			buildActionMask = 2147483647;
			files = (
				A4131A9116081A2A001B9172 /* InfoPlist.strings in Resources */,
				A4131A9D16081A2A001B9172 /* ViewController_iPhone.xib in Resources */,
				A4131AA016081A2A001B9172 /* ViewController_iPad.xib in Resources */,
			);
			runOnlyForDeploymentPostprocessing = 0;
		};
/* End PBXResourcesBuildPhase section */

/* Begin PBXSourcesBuildPhase section */
		A4131A7E16081A2A001B9172 /* Sources */ = {
			isa = PBXSourcesBuildPhase;
			buildActionMask = 2147483647;
			files = (
				A4131A9316081A2A001B9172 /* main.m in Sources */,
				A4131A9716081A2A001B9172 /* AppDelegate.m in Sources */,
				A4131A9A16081A2A001B9172 /* ViewController.m in Sources */,
			);
			runOnlyForDeploymentPostprocessing = 0;
		};
/* End PBXSourcesBuildPhase section */

/* Begin PBXVariantGroup section */
		A4131A8F16081A2A001B9172 /* InfoPlist.strings */ = {
			isa = PBXVariantGroup;
			children = (
				A4131A9016081A2A001B9172 /* en */,
			);
			name = InfoPlist.strings;
			sourceTree = "<group>";
		};
		A4131A9B16081A2A001B9172 /* ViewController_iPhone.xib */ = {
			isa = PBXVariantGroup;
			children = (
				A4131A9C16081A2A001B9172 /* en */,
			);
			name = ViewController_iPhone.xib;
			sourceTree = "<group>";
		};
		A4131A9E16081A2A001B9172 /* ViewController_iPad.xib */ = {
			isa = PBXVariantGroup;
			children = (
				A4131A9F16081A2A001B9172 /* en */,
			);
			name = ViewController_iPad.xib;
			sourceTree = "<group>";
		};
/* End PBXVariantGroup section */

/* Begin XCBuildConfiguration section */
		A4131AA116081A2A001B9172 /* Debug */ = {
			isa = XCBuildConfiguration;
			buildSettings = {
				ALWAYS_SEARCH_USER_PATHS = NO;
				ARCHS = "$(ARCHS_STANDARD_32_BIT)";
				CLANG_CXX_LANGUAGE_STANDARD = "gnu++0x";
				CLANG_ENABLE_OBJC_ARC = YES;
				CLANG_WARN__DUPLICATE_METHOD_MATCH = YES;
				"CODE_SIGN_IDENTITY[sdk=iphoneos*]" = "iPhone Developer";
				COPY_PHASE_STRIP = NO;
				GCC_C_LANGUAGE_STANDARD = gnu99;
				GCC_DYNAMIC_NO_PIC = NO;
				GCC_OPTIMIZATION_LEVEL = 0;
				GCC_PREPROCESSOR_DEFINITIONS = (
					"DEBUG=1",
					"$(inherited)",
				);
				GCC_SYMBOLS_PRIVATE_EXTERN = NO;
				GCC_VERSION = com.apple.compilers.llvm.clang.1_0;
				GCC_WARN_ABOUT_RETURN_TYPE = YES;
				GCC_WARN_UNINITIALIZED_AUTOS = YES;
				GCC_WARN_UNUSED_VARIABLE = YES;
				IPHONEOS_DEPLOYMENT_TARGET = 5.1;
				SDKROOT = iphoneos;
				TARGETED_DEVICE_FAMILY = "1,2";
			};
			name = Debug;
		};
		A4131AA216081A2A001B9172 /* Release */ = {
			isa = XCBuildConfiguration;
			buildSettings = {
				ALWAYS_SEARCH_USER_PATHS = NO;
				ARCHS = "$(ARCHS_STANDARD_32_BIT)";
				CLANG_CXX_LANGUAGE_STANDARD = "gnu++0x";
				CLANG_ENABLE_OBJC_ARC = YES;
				CLANG_WARN__DUPLICATE_METHOD_MATCH = YES;
				"CODE_SIGN_IDENTITY[sdk=iphoneos*]" = "iPhone Developer";
				COPY_PHASE_STRIP = YES;
				GCC_C_LANGUAGE_STANDARD = gnu99;
				GCC_VERSION = com.apple.compilers.llvm.clang.1_0;
				GCC_WARN_ABOUT_RETURN_TYPE = YES;
				GCC_WARN_UNINITIALIZED_AUTOS = YES;
				GCC_WARN_UNUSED_VARIABLE = YES;
				IPHONEOS_DEPLOYMENT_TARGET = 5.1;
				OTHER_CFLAGS = "-DNS_BLOCK_ASSERTIONS=1";
				SDKROOT = iphoneos;
				TARGETED_DEVICE_FAMILY = "1,2";
				VALIDATE_PRODUCT = YES;
			};
			name = Release;
		};
		A4131AA416081A2A001B9172 /* Debug */ = {
			isa = XCBuildConfiguration;
			buildSettings = {
				GCC_PRECOMPILE_PREFIX_HEADER = YES;
				GCC_PREFIX_HEADER = "ListDemo/ListDemo-Prefix.pch";
				INFOPLIST_FILE = "ListDemo/ListDemo-Info.plist";
				PRODUCT_NAME = "$(TARGET_NAME)";
				WRAPPER_EXTENSION = app;
			};
			name = Debug;
		};
		A4131AA516081A2A001B9172 /* Release */ = {
			isa = XCBuildConfiguration;
			buildSettings = {
				GCC_PRECOMPILE_PREFIX_HEADER = YES;
				GCC_PREFIX_HEADER = "ListDemo/ListDemo-Prefix.pch";
				INFOPLIST_FILE = "ListDemo/ListDemo-Info.plist";
				PRODUCT_NAME = "$(TARGET_NAME)";
				WRAPPER_EXTENSION = app;
			};
			name = Release;
		};
/* End XCBuildConfiguration section */

/* Begin XCConfigurationList section */
		A4131A7C16081A2A001B9172 /* Build configuration list for PBXProject "ListDemo" */ = {
			isa = XCConfigurationList;
			buildConfigurations = (
				A4131AA116081A2A001B9172 /* Debug */,
				A4131AA216081A2A001B9172 /* Release */,
			);
			defaultConfigurationIsVisible = 0;
			defaultConfigurationName = Release;
		};
		A4131AA316081A2A001B9172 /* Build configuration list for PBXNativeTarget "ListDemo" */ = {
			isa = XCConfigurationList;
			buildConfigurations = (
				A4131AA416081A2A001B9172 /* Debug */,
				A4131AA516081A2A001B9172 /* Release */,
			);
			defaultConfigurationIsVisible = 0;
		};
/* End XCConfigurationList section */
	};
	rootObject = A4131A7916081A2A001B9172 /* Project object */;
}
